
Microsoft Visual Studio Solution File, Format Version 12.00
# Visual Studio Version 16
VisualStudioVersion = 16.0.29230.47
MinimumVisualStudioVersion = 10.0.40219.1
Project("{FAE04EC0-301F-11D3-BF4B-00C04F79EFBC}") = "MusicStorenadine", "MusicStorenadine\MusicStorenadine.csproj", "{CA3AF466-6000-4CFC-A9B0-FBF8DE5E80DB}"
EndProject
Global
	GlobalSection(SolutionConfigurationPlatforms) = preSolution
		Debug|Any CPU = Debug|Any CPU
		Release|Any CPU = Release|Any CPU
	EndGlobalSection
	GlobalSection(ProjectConfigurationPlatforms) = postSolution
		{CA3AF466-6000-4CFC-A9B0-FBF8DE5E80DB}.Debug|Any CPU.ActiveCfg = Debug|Any CPU
		{CA3AF466-6000-4CFC-A9B0-FBF8DE5E80DB}.Debug|Any CPU.Build.0 = Debug|Any CPU
		{CA3AF466-6000-4CFC-A9B0-FBF8DE5E80DB}.Release|Any CPU.ActiveCfg = Release|Any CPU
		{CA3AF466-6000-4CFC-A9B0-FBF8DE5E80DB}.Release|Any CPU.Build.0 = Release|Any CPU
	EndGlobalSection
	GlobalSection(SolutionProperties) = preSolution
		HideSolutionNode = FALSE
	EndGlobalSection
	GlobalSection(ExtensibilityGlobals) = postSolution
		SolutionGuid = {2B54D488-9D20-4854-8B6C-FD800D33C37C}
	EndGlobalSection
EndGlobal
